{
  "requires": true,
  "lockfileVersion": 1,
  "dependencies": {
    "cordova-sqlite-storage": {
      "version": "file:plugins/cordova-sqlite-storage",
      "requires": {
        "cordova-sqlite-storage-dependencies": "1.1.0"
      },
      "dependencies": {
        "balanced-match": {
          "version": "1.0.0",
          "bundled": true
        },
        "brace-expansion": {
          "version": "1.1.11",
          "bundled": true,
          "requires": {
            "balanced-match": "1.0.0",
            "concat-map": "0.0.1"
          }
        },
        "concat-map": {
          "version": "0.0.1",
          "bundled": true
        },
        "cordova-sqlite-storage-dependencies": {
          "version": "1.1.0",
          "bundled": true
        },
        "fs.realpath": {
          "version": "1.0.0",
          "bundled": true
        },
        "glob": {
          "version": "7.1.2",
          "bundled": true,
          "requires": {
            "fs.realpath": "1.0.0",
            "inflight": "1.0.6",
            "inherits": "2.0.3",
            "minimatch": "3.0.4",
            "once": "1.4.0",
            "path-is-absolute": "1.0.1"
          }
        },
        "inflight": {
          "version": "1.0.6",
          "bundled": true,
          "requires": {
            "once": "1.4.0",
            "wrappy": "1.0.2"
          }
        },
        "inherits": {
          "version": "2.0.3",
          "bundled": true
        },
        "interpret": {
          "version": "1.1.0",
          "bundled": true
        },
        "minimatch": {
          "version": "3.0.4",
          "bundled": true,
          "requires": {
            "brace-expansion": "1.1.11"
          }
        },
        "once": {
          "version": "1.4.0",
          "bundled": true,
          "requires": {
            "wrappy": "1.0.2"
          }
        },
        "path-is-absolute": {
          "version": "1.0.1",
          "bundled": true
        },
        "path-parse": {
          "version": "1.0.5",
          "bundled": true
        },
        "rechoir": {
          "version": "0.6.2",
          "bundled": true,
          "requires": {
            "resolve": "1.5.0"
          }
        },
        "resolve": {
          "version": "1.5.0",
          "bundled": true,
          "requires": {
            "path-parse": "1.0.5"
          }
        },
        "shelljs": {
          "version": "0.7.8",
          "bundled": true,
          "requires": {
            "glob": "7.1.2",
            "interpret": "1.1.0",
            "rechoir": "0.6.2"
          }
        },
        "wrappy": {
          "version": "1.0.2",
          "bundled": true
        }
      }
    }
  }
}
